version: v2
locks:
  f/notion_tasks/create_repetitive_tasks: 4deca0af3662a609c47d7f5d8b8be45a356a80fb6357d976dc981a5e43bf15cc
  f/notion_tasks/create_weekly_note: ded5190b8e5f20468eb8758c4ca295bdd75fddc8822333480fb295c3d4135b8a
  f/notion_tasks/dispatch_agent_task: 8a0468671f0ba7c4b83aad73de5b50fe719d58ccb44e03c5358d4732271357c5
  f/notion_tasks/poll_agent_sessions: c2b72539ccabc1aa3eb65fd671850ee5b0e1d4bb00580e88283ecc62e5719dc7
  f/notion_tasks/set_task_init_date: 9eda579e7e41c59fe7c8db5128e35c39c924d53e27450365884f01582a907e3e
  f/notion_tasks/tasks_webhook_router: fbf278125872eac392474519fccd7c80153f109e0aa97223d0e14d7bdc52d33c
  f/notion_tasks/update_legacy_tasks: 99e4cfe5e50157467d61cb4b898eb5cba1c809597e602dcd32e8d08eab8ddcdb
