{
  "dependencies": {
    "@notionhq/client": "latest",
    "windmill-client": "latest"
  }
}
//bun.lock
{
  "lockfileVersion": 1,
  "configVersion": 1,
  "workspaces": {
    "": {
      "dependencies": {
        "@notionhq/client": "latest",
        "windmill-client": "latest",
      },
    },
  },
  "packages": {
    "@notionhq/client": ["@notionhq/client@5.17.0", "", {}, "sha512-hSNm3VUW5+Qs9vPOmegS6r1RT8O1jtTE/22wmSmiJc9kkb2YyddWr8SBQruvp06rALn2r2RAh9mLPirUUonsvw=="],

    "windmill-client": ["windmill-client@1.681.0", "", {}, "sha512-135a5+IR4edy4LYWfQV0KTGBMdRBLcR9yljET8jUs6SRYKkmdyY3AAc8mJeDOgp5UNP0OX744oiWKtdGmFC/lw=="],
  }
}
