{
  "dependencies": {
    "@notionhq/client": "latest"
  }
}
//bun.lock
{
  "lockfileVersion": 1,
  "configVersion": 1,
  "workspaces": {
    "": {
      "dependencies": {
        "@notionhq/client": "latest",
      },
    },
  },
  "packages": {
    "@notionhq/client": ["@notionhq/client@5.22.0", "", {}, "sha512-lZ3JGBCd6O6MNHWn/58QcUqX1FgmlcODcx/EaUEEpuxLXF5tSi+v29Vzoz8mZ6JgDWDn5pMzzjB69QevYjQQZA=="],
  }
}
